
Microsoft Visual Studio Solution File, Format Version 12.00
# Visual Studio Version 17
VisualStudioVersion = 17.0.31903.59
MinimumVisualStudioVersion = 10.0.40219.1
Project("{FAE04EC0-301F-11D3-BF4B-00C04F79EFBC}") = "ContosoUniversity", "ContosoUniversity\ContosoUniversity.csproj", "{31B65C93-47F7-4763-8652-D2F108A12B96}"
EndProject
Global
	GlobalSection(SolutionConfigurationPlatforms) = preSolution
		Debug|Any CPU = Debug|Any CPU
		Release|Any CPU = Release|Any CPU
	EndGlobalSection
	GlobalSection(SolutionProperties) = preSolution
		HideSolutionNode = FALSE
	EndGlobalSection
	GlobalSection(ProjectConfigurationPlatforms) = postSolution
		{31B65C93-47F7-4763-8652-D2F108A12B96}.Debug|Any CPU.ActiveCfg = Debug|Any CPU
		{31B65C93-47F7-4763-8652-D2F108A12B96}.Debug|Any CPU.Build.0 = Debug|Any CPU
		{31B65C93-47F7-4763-8652-D2F108A12B96}.Release|Any CPU.ActiveCfg = Release|Any CPU
		{31B65C93-47F7-4763-8652-D2F108A12B96}.Release|Any CPU.Build.0 = Release|Any CPU
	EndGlobalSection
EndGlobal
